
Microsoft Visual Studio Solution File, Format Version 12.00
Project("{FAE04EC0-301F-11D3-BF4B-00C04F79EFBC}") = "Eindwerk", "Eindwerk\Eindwerk\Eindwerk.csproj", "{D342A2E5-A280-4639-ACB5-C82C6519AEA9}"
EndProject
Project("{FAE04EC0-301F-11D3-BF4B-00C04F79EFBC}") = "Eindwerk.Android", "Eindwerk\Eindwerk.Android\Eindwerk.Android.csproj", "{D1E84AA4-57D7-46A1-BF94-7E1423EB226E}"
EndProject
Project("{FAE04EC0-301F-11D3-BF4B-00C04F79EFBC}") = "Eindwerk.iOS", "Eindwerk\Eindwerk.iOS\Eindwerk.iOS.csproj", "{D94F5BF6-385D-4647-8681-8BEA0BA3BBDF}"
EndProject
Project("{FAE04EC0-301F-11D3-BF4B-00C04F79EFBC}") = "Backend", "Backend\Backend.csproj", "{E3C798C1-EE8A-46B6-B702-61DCF66A705F}"
EndProject
Global
	GlobalSection(SolutionConfigurationPlatforms) = preSolution
		Ad-Hoc|iPhone = Ad-Hoc|iPhone
		AppStore|iPhone = AppStore|iPhone
		Debug|Any CPU = Debug|Any CPU
		Debug|iPhone = Debug|iPhone
		Debug|iPhoneSimulator = Debug|iPhoneSimulator
		Release|Any CPU = Release|Any CPU
		Release|iPhone = Release|iPhone
		Release|iPhoneSimulator = Release|iPhoneSimulator
	EndGlobalSection
	GlobalSection(ProjectConfigurationPlatforms) = postSolution
		{D342A2E5-A280-4639-ACB5-C82C6519AEA9}.Ad-Hoc|iPhone.ActiveCfg = Debug|Any CPU
		{D342A2E5-A280-4639-ACB5-C82C6519AEA9}.Ad-Hoc|iPhone.Build.0 = Debug|Any CPU
		{D342A2E5-A280-4639-ACB5-C82C6519AEA9}.AppStore|iPhone.ActiveCfg = Debug|Any CPU
		{D342A2E5-A280-4639-ACB5-C82C6519AEA9}.AppStore|iPhone.Build.0 = Debug|Any CPU
		{D342A2E5-A280-4639-ACB5-C82C6519AEA9}.Debug|Any CPU.ActiveCfg = Debug|Any CPU
		{D342A2E5-A280-4639-ACB5-C82C6519AEA9}.Debug|Any CPU.Build.0 = Debug|Any CPU
		{D342A2E5-A280-4639-ACB5-C82C6519AEA9}.Debug|iPhone.ActiveCfg = Debug|Any CPU
		{D342A2E5-A280-4639-ACB5-C82C6519AEA9}.Debug|iPhone.Build.0 = Debug|Any CPU
		{D342A2E5-A280-4639-ACB5-C82C6519AEA9}.Debug|iPhoneSimulator.ActiveCfg = Debug|Any CPU
		{D342A2E5-A280-4639-ACB5-C82C6519AEA9}.Debug|iPhoneSimulator.Build.0 = Debug|Any CPU
		{D342A2E5-A280-4639-ACB5-C82C6519AEA9}.Release|Any CPU.ActiveCfg = Release|Any CPU
		{D342A2E5-A280-4639-ACB5-C82C6519AEA9}.Release|Any CPU.Build.0 = Release|Any CPU
		{D342A2E5-A280-4639-ACB5-C82C6519AEA9}.Release|iPhone.ActiveCfg = Release|Any CPU
		{D342A2E5-A280-4639-ACB5-C82C6519AEA9}.Release|iPhone.Build.0 = Release|Any CPU
		{D342A2E5-A280-4639-ACB5-C82C6519AEA9}.Release|iPhoneSimulator.ActiveCfg = Release|Any CPU
		{D342A2E5-A280-4639-ACB5-C82C6519AEA9}.Release|iPhoneSimulator.Build.0 = Release|Any CPU
		{D1E84AA4-57D7-46A1-BF94-7E1423EB226E}.Ad-Hoc|iPhone.ActiveCfg = Debug|Any CPU
		{D1E84AA4-57D7-46A1-BF94-7E1423EB226E}.Ad-Hoc|iPhone.Build.0 = Debug|Any CPU
		{D1E84AA4-57D7-46A1-BF94-7E1423EB226E}.Ad-Hoc|iPhone.Deploy.0 = Debug|Any CPU
		{D1E84AA4-57D7-46A1-BF94-7E1423EB226E}.AppStore|iPhone.ActiveCfg = Debug|Any CPU
		{D1E84AA4-57D7-46A1-BF94-7E1423EB226E}.AppStore|iPhone.Build.0 = Debug|Any CPU
		{D1E84AA4-57D7-46A1-BF94-7E1423EB226E}.AppStore|iPhone.Deploy.0 = Debug|Any CPU
		{D1E84AA4-57D7-46A1-BF94-7E1423EB226E}.Debug|Any CPU.ActiveCfg = Debug|Any CPU
		{D1E84AA4-57D7-46A1-BF94-7E1423EB226E}.Debug|Any CPU.Build.0 = Debug|Any CPU
		{D1E84AA4-57D7-46A1-BF94-7E1423EB226E}.Debug|Any CPU.Deploy.0 = Debug|Any CPU
		{D1E84AA4-57D7-46A1-BF94-7E1423EB226E}.Debug|iPhone.ActiveCfg = Debug|Any CPU
		{D1E84AA4-57D7-46A1-BF94-7E1423EB226E}.Debug|iPhone.Build.0 = Debug|Any CPU
		{D1E84AA4-57D7-46A1-BF94-7E1423EB226E}.Debug|iPhone.Deploy.0 = Debug|Any CPU
		{D1E84AA4-57D7-46A1-BF94-7E1423EB226E}.Debug|iPhoneSimulator.ActiveCfg = Debug|Any CPU
		{D1E84AA4-57D7-46A1-BF94-7E1423EB226E}.Debug|iPhoneSimulator.Build.0 = Debug|Any CPU
		{D1E84AA4-57D7-46A1-BF94-7E1423EB226E}.Debug|iPhoneSimulator.Deploy.0 = Debug|Any CPU
		{D1E84AA4-57D7-46A1-BF94-7E1423EB226E}.Release|Any CPU.ActiveCfg = Release|Any CPU
		{D1E84AA4-57D7-46A1-BF94-7E1423EB226E}.Release|Any CPU.Build.0 = Release|Any CPU
		{D1E84AA4-57D7-46A1-BF94-7E1423EB226E}.Release|Any CPU.Deploy.0 = Release|Any CPU
		{D1E84AA4-57D7-46A1-BF94-7E1423EB226E}.Release|iPhone.ActiveCfg = Release|Any CPU
		{D1E84AA4-57D7-46A1-BF94-7E1423EB226E}.Release|iPhone.Build.0 = Release|Any CPU
		{D1E84AA4-57D7-46A1-BF94-7E1423EB226E}.Release|iPhone.Deploy.0 = Release|Any CPU
		{D1E84AA4-57D7-46A1-BF94-7E1423EB226E}.Release|iPhoneSimulator.ActiveCfg = Release|Any CPU
		{D1E84AA4-57D7-46A1-BF94-7E1423EB226E}.Release|iPhoneSimulator.Build.0 = Release|Any CPU
		{D1E84AA4-57D7-46A1-BF94-7E1423EB226E}.Release|iPhoneSimulator.Deploy.0 = Release|Any CPU
		{D94F5BF6-385D-4647-8681-8BEA0BA3BBDF}.Ad-Hoc|iPhone.ActiveCfg = Ad-Hoc|iPhone
		{D94F5BF6-385D-4647-8681-8BEA0BA3BBDF}.Ad-Hoc|iPhone.Build.0 = Ad-Hoc|iPhone
		{D94F5BF6-385D-4647-8681-8BEA0BA3BBDF}.Ad-Hoc|iPhone.Deploy.0 = Ad-Hoc|iPhone
		{D94F5BF6-385D-4647-8681-8BEA0BA3BBDF}.AppStore|iPhone.ActiveCfg = AppStore|iPhone
		{D94F5BF6-385D-4647-8681-8BEA0BA3BBDF}.AppStore|iPhone.Build.0 = AppStore|iPhone
		{D94F5BF6-385D-4647-8681-8BEA0BA3BBDF}.AppStore|iPhone.Deploy.0 = AppStore|iPhone
		{D94F5BF6-385D-4647-8681-8BEA0BA3BBDF}.Debug|Any CPU.ActiveCfg = Debug|iPhoneSimulator
		{D94F5BF6-385D-4647-8681-8BEA0BA3BBDF}.Debug|Any CPU.Build.0 = Debug|iPhoneSimulator
		{D94F5BF6-385D-4647-8681-8BEA0BA3BBDF}.Debug|Any CPU.Deploy.0 = Debug|iPhoneSimulator
		{D94F5BF6-385D-4647-8681-8BEA0BA3BBDF}.Debug|iPhone.ActiveCfg = Debug|iPhone
		{D94F5BF6-385D-4647-8681-8BEA0BA3BBDF}.Debug|iPhone.Build.0 = Debug|iPhone
		{D94F5BF6-385D-4647-8681-8BEA0BA3BBDF}.Debug|iPhone.Deploy.0 = Debug|iPhone
		{D94F5BF6-385D-4647-8681-8BEA0BA3BBDF}.Debug|iPhoneSimulator.ActiveCfg = Debug|iPhoneSimulator
		{D94F5BF6-385D-4647-8681-8BEA0BA3BBDF}.Debug|iPhoneSimulator.Build.0 = Debug|iPhoneSimulator
		{D94F5BF6-385D-4647-8681-8BEA0BA3BBDF}.Debug|iPhoneSimulator.Deploy.0 = Debug|iPhoneSimulator
		{D94F5BF6-385D-4647-8681-8BEA0BA3BBDF}.Release|Any CPU.ActiveCfg = Release|iPhoneSimulator
		{D94F5BF6-385D-4647-8681-8BEA0BA3BBDF}.Release|Any CPU.Build.0 = Release|iPhoneSimulator
		{D94F5BF6-385D-4647-8681-8BEA0BA3BBDF}.Release|Any CPU.Deploy.0 = Release|iPhoneSimulator
		{D94F5BF6-385D-4647-8681-8BEA0BA3BBDF}.Release|iPhone.ActiveCfg = Release|iPhone
		{D94F5BF6-385D-4647-8681-8BEA0BA3BBDF}.Release|iPhone.Build.0 = Release|iPhone
		{D94F5BF6-385D-4647-8681-8BEA0BA3BBDF}.Release|iPhone.Deploy.0 = Release|iPhone
		{D94F5BF6-385D-4647-8681-8BEA0BA3BBDF}.Release|iPhoneSimulator.ActiveCfg = Release|iPhoneSimulator
		{D94F5BF6-385D-4647-8681-8BEA0BA3BBDF}.Release|iPhoneSimulator.Build.0 = Release|iPhoneSimulator
		{D94F5BF6-385D-4647-8681-8BEA0BA3BBDF}.Release|iPhoneSimulator.Deploy.0 = Release|iPhoneSimulator
		{E3C798C1-EE8A-46B6-B702-61DCF66A705F}.Ad-Hoc|iPhone.ActiveCfg = Debug|Any CPU
		{E3C798C1-EE8A-46B6-B702-61DCF66A705F}.Ad-Hoc|iPhone.Build.0 = Debug|Any CPU
		{E3C798C1-EE8A-46B6-B702-61DCF66A705F}.AppStore|iPhone.ActiveCfg = Debug|Any CPU
		{E3C798C1-EE8A-46B6-B702-61DCF66A705F}.AppStore|iPhone.Build.0 = Debug|Any CPU
		{E3C798C1-EE8A-46B6-B702-61DCF66A705F}.Debug|Any CPU.ActiveCfg = Debug|Any CPU
		{E3C798C1-EE8A-46B6-B702-61DCF66A705F}.Debug|Any CPU.Build.0 = Debug|Any CPU
		{E3C798C1-EE8A-46B6-B702-61DCF66A705F}.Debug|iPhone.ActiveCfg = Debug|Any CPU
		{E3C798C1-EE8A-46B6-B702-61DCF66A705F}.Debug|iPhone.Build.0 = Debug|Any CPU
		{E3C798C1-EE8A-46B6-B702-61DCF66A705F}.Debug|iPhoneSimulator.ActiveCfg = Debug|Any CPU
		{E3C798C1-EE8A-46B6-B702-61DCF66A705F}.Debug|iPhoneSimulator.Build.0 = Debug|Any CPU
		{E3C798C1-EE8A-46B6-B702-61DCF66A705F}.Release|Any CPU.ActiveCfg = Release|Any CPU
		{E3C798C1-EE8A-46B6-B702-61DCF66A705F}.Release|Any CPU.Build.0 = Release|Any CPU
		{E3C798C1-EE8A-46B6-B702-61DCF66A705F}.Release|iPhone.ActiveCfg = Release|Any CPU
		{E3C798C1-EE8A-46B6-B702-61DCF66A705F}.Release|iPhone.Build.0 = Release|Any CPU
		{E3C798C1-EE8A-46B6-B702-61DCF66A705F}.Release|iPhoneSimulator.ActiveCfg = Release|Any CPU
		{E3C798C1-EE8A-46B6-B702-61DCF66A705F}.Release|iPhoneSimulator.Build.0 = Release|Any CPU
	EndGlobalSection
EndGlobal
